// !$*UTF8*$!
{
	archiveVersion = 1;
	classes = {
	};
	objectVersion = 46;
	objects = {

/* Begin PBXBuildFile section */
		C302CA431DAF76AB00928F29 /* AppDelegate.swift in Sources */ = {isa = PBXBuildFile; fileRef = C302CA421DAF76AB00928F29 /* AppDelegate.swift */; };
		C302CA451DAF76AB00928F29 /* ViewController.swift in Sources */ = {isa = PBXBuildFile; fileRef = C302CA441DAF76AB00928F29 /* ViewController.swift */; };
		C302CA481DAF76AB00928F29 /* Main.storyboard in Resources */ = {isa = PBXBuildFile; fileRef = C302CA461DAF76AB00928F29 /* Main.storyboard */; };
		C302CA4A1DAF76AB00928F29 /* Assets.xcassets in Resources */ = {isa = PBXBuildFile; fileRef = C302CA491DAF76AB00928F29 /* Assets.xcassets */; };
		C302CA4D1DAF76AB00928F29 /* LaunchScreen.storyboard in Resources */ = {isa = PBXBuildFile; fileRef = C302CA4B1DAF76AB00928F29 /* LaunchScreen.storyboard */; };
		C302CA591DAF7AF400928F29 /* ViewInfo.swift in Sources */ = {isa = PBXBuildFile; fileRef = C302CA581DAF7AF400928F29 /* ViewInfo.swift */; };
		C302CA5B1DAF7B4800928F29 /* SpinnerView.swift in Sources */ = {isa = PBXBuildFile; fileRef = C302CA5A1DAF7B4800928F29 /* SpinnerView.swift */; };
		C30F147E1DB46C4700314E6C /* GraphView.swift in Sources */ = {isa = PBXBuildFile; fileRef = C30F147D1DB46C4700314E6C /* GraphView.swift */; };
		C30F14811DB4C0E400314E6C /* SearchIcon.swift in Sources */ = {isa = PBXBuildFile; fileRef = C30F14801DB4C0E400314E6C /* SearchIcon.swift */; };
		C328FD991DB8A70200D7351C /* ButtonInputTextField.swift in Sources */ = {isa = PBXBuildFile; fileRef = C328FD981DB8A70200D7351C /* ButtonInputTextField.swift */; };
		C32A12221DDAE37200FD5F2B /* SingleLCDLayer.swift in Sources */ = {isa = PBXBuildFile; fileRef = C32A12211DDAE37200FD5F2B /* SingleLCDLayer.swift */; };
		C32A12241DDAE90900FD5F2B /* LCDView.swift in Sources */ = {isa = PBXBuildFile; fileRef = C32A12231DDAE90900FD5F2B /* LCDView.swift */; };
		C386F7FA1DC1E8C8009E0AFB /* Volume.swift in Sources */ = {isa = PBXBuildFile; fileRef = C386F7F91DC1E8C8009E0AFB /* Volume.swift */; };
		C39FD21E1DCB28890065A0E2 /* GradientView.swift in Sources */ = {isa = PBXBuildFile; fileRef = C39FD21D1DCB28890065A0E2 /* GradientView.swift */; };
		C3B42E081DC73DAC00FE4CAA /* SlidesView.swift in Sources */ = {isa = PBXBuildFile; fileRef = C3B42E071DC73DAC00FE4CAA /* SlidesView.swift */; };
		C3B42E0A1DC73ECF00FE4CAA /* SlideableViewContainer.swift in Sources */ = {isa = PBXBuildFile; fileRef = C3B42E091DC73ECF00FE4CAA /* SlideableViewContainer.swift */; };
		C3B42E0C1DC7467500FE4CAA /* SlidesViewController.swift in Sources */ = {isa = PBXBuildFile; fileRef = C3B42E0B1DC7467500FE4CAA /* SlidesViewController.swift */; };
		C3BF12211DC449A300BDCBD1 /* ButtonTouch.swift in Sources */ = {isa = PBXBuildFile; fileRef = C3BF12201DC449A300BDCBD1 /* ButtonTouch.swift */; };
		C3BF12231DC4501500BDCBD1 /* CALayer+Extensions.swift in Sources */ = {isa = PBXBuildFile; fileRef = C3BF12221DC4501500BDCBD1 /* CALayer+Extensions.swift */; };
		C3C00C691DB5C3EB0057E059 /* UIView+Extensions.swift in Sources */ = {isa = PBXBuildFile; fileRef = C3C00C681DB5C3EB0057E059 /* UIView+Extensions.swift */; };
		C3C00C751DB610250057E059 /* NewtonCradle.swift in Sources */ = {isa = PBXBuildFile; fileRef = C3C00C741DB610250057E059 /* NewtonCradle.swift */; };
		C3C00C781DB629D40057E059 /* AddViewController.swift in Sources */ = {isa = PBXBuildFile; fileRef = C3C00C771DB629D40057E059 /* AddViewController.swift */; };
		C3E771C31DAF7C1B00BD4992 /* ContainerViewController.swift in Sources */ = {isa = PBXBuildFile; fileRef = C3E771C21DAF7C1B00BD4992 /* ContainerViewController.swift */; };
		C3E771C61DAF80AF00BD4992 /* AbstractAnimationView.swift in Sources */ = {isa = PBXBuildFile; fileRef = C3E771C51DAF80AF00BD4992 /* AbstractAnimationView.swift */; };
		C3E771C91DAF81D300BD4992 /* AnimationHelper.swift in Sources */ = {isa = PBXBuildFile; fileRef = C3E771C81DAF81D300BD4992 /* AnimationHelper.swift */; };
/* End PBXBuildFile section */

/* Begin PBXFileReference section */
		C302CA3F1DAF76AB00928F29 /* MotionExperiments.app */ = {isa = PBXFileReference; explicitFileType = wrapper.application; includeInIndex = 0; path = MotionExperiments.app; sourceTree = BUILT_PRODUCTS_DIR; };
		C302CA421DAF76AB00928F29 /* AppDelegate.swift */ = {isa = PBXFileReference; lastKnownFileType = sourcecode.swift; path = AppDelegate.swift; sourceTree = "<group>"; };
		C302CA441DAF76AB00928F29 /* ViewController.swift */ = {isa = PBXFileReference; lastKnownFileType = sourcecode.swift; path = ViewController.swift; sourceTree = "<group>"; };
		C302CA471DAF76AB00928F29 /* Base */ = {isa = PBXFileReference; lastKnownFileType = file.storyboard; name = Base; path = Base.lproj/Main.storyboard; sourceTree = "<group>"; };
		C302CA491DAF76AB00928F29 /* Assets.xcassets */ = {isa = PBXFileReference; lastKnownFileType = folder.assetcatalog; path = Assets.xcassets; sourceTree = "<group>"; };
		C302CA4C1DAF76AB00928F29 /* Base */ = {isa = PBXFileReference; lastKnownFileType = file.storyboard; name = Base; path = Base.lproj/LaunchScreen.storyboard; sourceTree = "<group>"; };
		C302CA4E1DAF76AB00928F29 /* Info.plist */ = {isa = PBXFileReference; lastKnownFileType = text.plist.xml; path = Info.plist; sourceTree = "<group>"; };
		C302CA581DAF7AF400928F29 /* ViewInfo.swift */ = {isa = PBXFileReference; fileEncoding = 4; lastKnownFileType = sourcecode.swift; path = ViewInfo.swift; sourceTree = "<group>"; };
		C302CA5A1DAF7B4800928F29 /* SpinnerView.swift */ = {isa = PBXFileReference; fileEncoding = 4; lastKnownFileType = sourcecode.swift; path = SpinnerView.swift; sourceTree = "<group>"; };
		C30F147D1DB46C4700314E6C /* GraphView.swift */ = {isa = PBXFileReference; fileEncoding = 4; lastKnownFileType = sourcecode.swift; path = GraphView.swift; sourceTree = "<group>"; };
		C30F14801DB4C0E400314E6C /* SearchIcon.swift */ = {isa = PBXFileReference; fileEncoding = 4; lastKnownFileType = sourcecode.swift; path = SearchIcon.swift; sourceTree = "<group>"; };
		C328FD981DB8A70200D7351C /* ButtonInputTextField.swift */ = {isa = PBXFileReference; fileEncoding = 4; lastKnownFileType = sourcecode.swift; path = ButtonInputTextField.swift; sourceTree = "<group>"; };
		C32A12211DDAE37200FD5F2B /* SingleLCDLayer.swift */ = {isa = PBXFileReference; fileEncoding = 4; lastKnownFileType = sourcecode.swift; path = SingleLCDLayer.swift; sourceTree = "<group>"; };
		C32A12231DDAE90900FD5F2B /* LCDView.swift */ = {isa = PBXFileReference; fileEncoding = 4; lastKnownFileType = sourcecode.swift; path = LCDView.swift; sourceTree = "<group>"; };
		C386F7F91DC1E8C8009E0AFB /* Volume.swift */ = {isa = PBXFileReference; fileEncoding = 4; lastKnownFileType = sourcecode.swift; path = Volume.swift; sourceTree = "<group>"; };
		C39FD21D1DCB28890065A0E2 /* GradientView.swift */ = {isa = PBXFileReference; fileEncoding = 4; lastKnownFileType = sourcecode.swift; path = GradientView.swift; sourceTree = "<group>"; };
		C3B42E071DC73DAC00FE4CAA /* SlidesView.swift */ = {isa = PBXFileReference; fileEncoding = 4; lastKnownFileType = sourcecode.swift; path = SlidesView.swift; sourceTree = "<group>"; };
		C3B42E091DC73ECF00FE4CAA /* SlideableViewContainer.swift */ = {isa = PBXFileReference; fileEncoding = 4; lastKnownFileType = sourcecode.swift; path = SlideableViewContainer.swift; sourceTree = "<group>"; };
		C3B42E0B1DC7467500FE4CAA /* SlidesViewController.swift */ = {isa = PBXFileReference; fileEncoding = 4; lastKnownFileType = sourcecode.swift; path = SlidesViewController.swift; sourceTree = "<group>"; };
		C3BF12201DC449A300BDCBD1 /* ButtonTouch.swift */ = {isa = PBXFileReference; fileEncoding = 4; lastKnownFileType = sourcecode.swift; path = ButtonTouch.swift; sourceTree = "<group>"; };
		C3BF12221DC4501500BDCBD1 /* CALayer+Extensions.swift */ = {isa = PBXFileReference; fileEncoding = 4; lastKnownFileType = sourcecode.swift; path = "CALayer+Extensions.swift"; sourceTree = "<group>"; };
		C3C00C681DB5C3EB0057E059 /* UIView+Extensions.swift */ = {isa = PBXFileReference; fileEncoding = 4; lastKnownFileType = sourcecode.swift; path = "UIView+Extensions.swift"; sourceTree = "<group>"; };
		C3C00C741DB610250057E059 /* NewtonCradle.swift */ = {isa = PBXFileReference; fileEncoding = 4; lastKnownFileType = sourcecode.swift; path = NewtonCradle.swift; sourceTree = "<group>"; };
		C3C00C771DB629D40057E059 /* AddViewController.swift */ = {isa = PBXFileReference; fileEncoding = 4; lastKnownFileType = sourcecode.swift; path = AddViewController.swift; sourceTree = "<group>"; };
		C3E771C21DAF7C1B00BD4992 /* ContainerViewController.swift */ = {isa = PBXFileReference; fileEncoding = 4; lastKnownFileType = sourcecode.swift; path = ContainerViewController.swift; sourceTree = "<group>"; };
		C3E771C51DAF80AF00BD4992 /* AbstractAnimationView.swift */ = {isa = PBXFileReference; fileEncoding = 4; lastKnownFileType = sourcecode.swift; path = AbstractAnimationView.swift; sourceTree = "<group>"; };
		C3E771C81DAF81D300BD4992 /* AnimationHelper.swift */ = {isa = PBXFileReference; fileEncoding = 4; lastKnownFileType = sourcecode.swift; path = AnimationHelper.swift; sourceTree = "<group>"; };
/* End PBXFileReference section */

/* Begin PBXFrameworksBuildPhase section */
		C302CA3C1DAF76AB00928F29 /* Frameworks */ = {
			isa = PBXFrameworksBuildPhase;
			buildActionMask = 2147483647;
			files = (
			);
			runOnlyForDeploymentPostprocessing = 0;
		};
/* End PBXFrameworksBuildPhase section */

/* Begin PBXGroup section */
		C302CA361DAF76AB00928F29 = {
			isa = PBXGroup;
			children = (
				C302CA411DAF76AB00928F29 /* MotionExperiments */,
				C302CA401DAF76AB00928F29 /* Products */,
			);
			sourceTree = "<group>";
		};
		C302CA401DAF76AB00928F29 /* Products */ = {
			isa = PBXGroup;
			children = (
				C302CA3F1DAF76AB00928F29 /* MotionExperiments.app */,
			);
			name = Products;
			sourceTree = "<group>";
		};
		C302CA411DAF76AB00928F29 /* MotionExperiments */ = {
			isa = PBXGroup;
			children = (
				C3E771C71DAF81C700BD4992 /* Utils */,
				C302CA571DAF7AD000928F29 /* Model */,
				C3E771C41DAF809D00BD4992 /* Abstract */,
				C302CA541DAF76CE00928F29 /* Spinner */,
				C30F147C1DB46C3600314E6C /* Graph */,
				C30F147F1DB4C0DA00314E6C /* SearchIcon */,
				C3C00C731DB610180057E059 /* NewtonCradle */,
				C3C00C761DB629BF0057E059 /* Add */,
				C386F7F81DC1E8A4009E0AFB /* Volume */,
				C3BF121F1DC4499600BDCBD1 /* ButtonTouch */,
				C3B42E061DC73D9B00FE4CAA /* Slides */,
				C32A121C1DDABBFA00FD5F2B /* LCD */,
				C302CA421DAF76AB00928F29 /* AppDelegate.swift */,
				C302CA441DAF76AB00928F29 /* ViewController.swift */,
				C3E771C21DAF7C1B00BD4992 /* ContainerViewController.swift */,
				C302CA461DAF76AB00928F29 /* Main.storyboard */,
				C302CA491DAF76AB00928F29 /* Assets.xcassets */,
				C302CA4B1DAF76AB00928F29 /* LaunchScreen.storyboard */,
				C302CA4E1DAF76AB00928F29 /* Info.plist */,
			);
			path = MotionExperiments;
			sourceTree = "<group>";
		};
		C302CA541DAF76CE00928F29 /* Spinner */ = {
			isa = PBXGroup;
			children = (
				C302CA5A1DAF7B4800928F29 /* SpinnerView.swift */,
			);
			path = Spinner;
			sourceTree = "<group>";
		};
		C302CA571DAF7AD000928F29 /* Model */ = {
			isa = PBXGroup;
			children = (
				C302CA581DAF7AF400928F29 /* ViewInfo.swift */,
			);
			path = Model;
			sourceTree = "<group>";
		};
		C30F147C1DB46C3600314E6C /* Graph */ = {
			isa = PBXGroup;
			children = (
				C30F147D1DB46C4700314E6C /* GraphView.swift */,
			);
			path = Graph;
			sourceTree = "<group>";
		};
		C30F147F1DB4C0DA00314E6C /* SearchIcon */ = {
			isa = PBXGroup;
			children = (
				C30F14801DB4C0E400314E6C /* SearchIcon.swift */,
			);
			path = SearchIcon;
			sourceTree = "<group>";
		};
		C32A121C1DDABBFA00FD5F2B /* LCD */ = {
			isa = PBXGroup;
			children = (
				C32A12211DDAE37200FD5F2B /* SingleLCDLayer.swift */,
				C32A12231DDAE90900FD5F2B /* LCDView.swift */,
			);
			path = LCD;
			sourceTree = "<group>";
		};
		C386F7F81DC1E8A4009E0AFB /* Volume */ = {
			isa = PBXGroup;
			children = (
				C386F7F91DC1E8C8009E0AFB /* Volume.swift */,
			);
			path = Volume;
			sourceTree = "<group>";
		};
		C3B42E061DC73D9B00FE4CAA /* Slides */ = {
			isa = PBXGroup;
			children = (
				C3B42E071DC73DAC00FE4CAA /* SlidesView.swift */,
				C3B42E091DC73ECF00FE4CAA /* SlideableViewContainer.swift */,
				C3B42E0B1DC7467500FE4CAA /* SlidesViewController.swift */,
				C39FD21D1DCB28890065A0E2 /* GradientView.swift */,
			);
			path = Slides;
			sourceTree = "<group>";
		};
		C3BF121F1DC4499600BDCBD1 /* ButtonTouch */ = {
			isa = PBXGroup;
			children = (
				C3BF12201DC449A300BDCBD1 /* ButtonTouch.swift */,
			);
			path = ButtonTouch;
			sourceTree = "<group>";
		};
		C3C00C731DB610180057E059 /* NewtonCradle */ = {
			isa = PBXGroup;
			children = (
				C3C00C741DB610250057E059 /* NewtonCradle.swift */,
			);
			path = NewtonCradle;
			sourceTree = "<group>";
		};
		C3C00C761DB629BF0057E059 /* Add */ = {
			isa = PBXGroup;
			children = (
				C3C00C771DB629D40057E059 /* AddViewController.swift */,
				C328FD981DB8A70200D7351C /* ButtonInputTextField.swift */,
			);
			name = Add;
			path = NewtonCradle/Add;
			sourceTree = "<group>";
		};
		C3E771C41DAF809D00BD4992 /* Abstract */ = {
			isa = PBXGroup;
			children = (
				C3E771C51DAF80AF00BD4992 /* AbstractAnimationView.swift */,
			);
			path = Abstract;
			sourceTree = "<group>";
		};
		C3E771C71DAF81C700BD4992 /* Utils */ = {
			isa = PBXGroup;
			children = (
				C3E771C81DAF81D300BD4992 /* AnimationHelper.swift */,
				C3C00C681DB5C3EB0057E059 /* UIView+Extensions.swift */,
				C3BF12221DC4501500BDCBD1 /* CALayer+Extensions.swift */,
			);
			path = Utils;
			sourceTree = "<group>";
		};
/* End PBXGroup section */

/* Begin PBXNativeTarget section */
		C302CA3E1DAF76AB00928F29 /* MotionExperiments */ = {
			isa = PBXNativeTarget;
			buildConfigurationList = C302CA511DAF76AB00928F29 /* Build configuration list for PBXNativeTarget "MotionExperiments" */;
			buildPhases = (
				C302CA3B1DAF76AB00928F29 /* Sources */,
				C302CA3C1DAF76AB00928F29 /* Frameworks */,
				C302CA3D1DAF76AB00928F29 /* Resources */,
			);
			buildRules = (
			);
			dependencies = (
			);
			name = MotionExperiments;
			productName = MotionExperiments;
			productReference = C302CA3F1DAF76AB00928F29 /* MotionExperiments.app */;
			productType = "com.apple.product-type.application";
		};
/* End PBXNativeTarget section */

/* Begin PBXProject section */
		C302CA371DAF76AB00928F29 /* Project object */ = {
			isa = PBXProject;
			attributes = {
				LastSwiftUpdateCheck = 0800;
				LastUpgradeCheck = 0800;
				ORGANIZATIONNAME = Gocy;
				TargetAttributes = {
					C302CA3E1DAF76AB00928F29 = {
						CreatedOnToolsVersion = 8.0;
						DevelopmentTeam = H4V332SS59;
						ProvisioningStyle = Automatic;
					};
				};
			};
			buildConfigurationList = C302CA3A1DAF76AB00928F29 /* Build configuration list for PBXProject "MotionExperiments" */;
			compatibilityVersion = "Xcode 3.2";
			developmentRegion = English;
			hasScannedForEncodings = 0;
			knownRegions = (
				en,
				Base,
			);
			mainGroup = C302CA361DAF76AB00928F29;
			productRefGroup = C302CA401DAF76AB00928F29 /* Products */;
			projectDirPath = "";
			projectRoot = "";
			targets = (
				C302CA3E1DAF76AB00928F29 /* MotionExperiments */,
			);
		};
/* End PBXProject section */

/* Begin PBXResourcesBuildPhase section */
		C302CA3D1DAF76AB00928F29 /* Resources */ = {
			isa = PBXResourcesBuildPhase;
			buildActionMask = 2147483647;
			files = (
				C302CA4D1DAF76AB00928F29 /* LaunchScreen.storyboard in Resources */,
				C302CA4A1DAF76AB00928F29 /* Assets.xcassets in Resources */,
				C302CA481DAF76AB00928F29 /* Main.storyboard in Resources */,
			);
			runOnlyForDeploymentPostprocessing = 0;
		};
/* End PBXResourcesBuildPhase section */

/* Begin PBXSourcesBuildPhase section */
		C302CA3B1DAF76AB00928F29 /* Sources */ = {
			isa = PBXSourcesBuildPhase;
			buildActionMask = 2147483647;
			files = (
				C3C00C751DB610250057E059 /* NewtonCradle.swift in Sources */,
				C302CA451DAF76AB00928F29 /* ViewController.swift in Sources */,
				C39FD21E1DCB28890065A0E2 /* GradientView.swift in Sources */,
				C328FD991DB8A70200D7351C /* ButtonInputTextField.swift in Sources */,
				C32A12241DDAE90900FD5F2B /* LCDView.swift in Sources */,
				C3C00C781DB629D40057E059 /* AddViewController.swift in Sources */,
				C32A12221DDAE37200FD5F2B /* SingleLCDLayer.swift in Sources */,
				C3C00C691DB5C3EB0057E059 /* UIView+Extensions.swift in Sources */,
				C3B42E081DC73DAC00FE4CAA /* SlidesView.swift in Sources */,
				C386F7FA1DC1E8C8009E0AFB /* Volume.swift in Sources */,
				C3E771C91DAF81D300BD4992 /* AnimationHelper.swift in Sources */,
				C3E771C61DAF80AF00BD4992 /* AbstractAnimationView.swift in Sources */,
				C30F14811DB4C0E400314E6C /* SearchIcon.swift in Sources */,
				C3B42E0C1DC7467500FE4CAA /* SlidesViewController.swift in Sources */,
				C302CA431DAF76AB00928F29 /* AppDelegate.swift in Sources */,
				C3E771C31DAF7C1B00BD4992 /* ContainerViewController.swift in Sources */,
				C3B42E0A1DC73ECF00FE4CAA /* SlideableViewContainer.swift in Sources */,
				C3BF12211DC449A300BDCBD1 /* ButtonTouch.swift in Sources */,
				C302CA5B1DAF7B4800928F29 /* SpinnerView.swift in Sources */,
				C302CA591DAF7AF400928F29 /* ViewInfo.swift in Sources */,
				C30F147E1DB46C4700314E6C /* GraphView.swift in Sources */,
				C3BF12231DC4501500BDCBD1 /* CALayer+Extensions.swift in Sources */,
			);
			runOnlyForDeploymentPostprocessing = 0;
		};
/* End PBXSourcesBuildPhase section */

/* Begin PBXVariantGroup section */
		C302CA461DAF76AB00928F29 /* Main.storyboard */ = {
			isa = PBXVariantGroup;
			children = (
				C302CA471DAF76AB00928F29 /* Base */,
			);
			name = Main.storyboard;
			sourceTree = "<group>";
		};
		C302CA4B1DAF76AB00928F29 /* LaunchScreen.storyboard */ = {
			isa = PBXVariantGroup;
			children = (
				C302CA4C1DAF76AB00928F29 /* Base */,
			);
			name = LaunchScreen.storyboard;
			sourceTree = "<group>";
		};
/* End PBXVariantGroup section */

/* Begin XCBuildConfiguration section */
		C302CA4F1DAF76AB00928F29 /* Debug */ = {
			isa = XCBuildConfiguration;
			buildSettings = {
				ALWAYS_SEARCH_USER_PATHS = NO;
				CLANG_ANALYZER_NONNULL = YES;
				CLANG_CXX_LANGUAGE_STANDARD = "gnu++0x";
				CLANG_CXX_LIBRARY = "libc++";
				CLANG_ENABLE_MODULES = YES;
				CLANG_ENABLE_OBJC_ARC = YES;
				CLANG_WARN_BOOL_CONVERSION = YES;
				CLANG_WARN_CONSTANT_CONVERSION = YES;
				CLANG_WARN_DIRECT_OBJC_ISA_USAGE = YES_ERROR;
				CLANG_WARN_DOCUMENTATION_COMMENTS = YES;
				CLANG_WARN_EMPTY_BODY = YES;
				CLANG_WARN_ENUM_CONVERSION = YES;
				CLANG_WARN_INFINITE_RECURSION = YES;
				CLANG_WARN_INT_CONVERSION = YES;
				CLANG_WARN_OBJC_ROOT_CLASS = YES_ERROR;
				CLANG_WARN_SUSPICIOUS_MOVES = YES;
				CLANG_WARN_UNREACHABLE_CODE = YES;
				CLANG_WARN__DUPLICATE_METHOD_MATCH = YES;
				"CODE_SIGN_IDENTITY[sdk=iphoneos*]" = "iPhone Developer";
				COPY_PHASE_STRIP = NO;
				DEBUG_INFORMATION_FORMAT = dwarf;
				ENABLE_STRICT_OBJC_MSGSEND = YES;
				ENABLE_TESTABILITY = YES;
				GCC_C_LANGUAGE_STANDARD = gnu99;
				GCC_DYNAMIC_NO_PIC = NO;
				GCC_NO_COMMON_BLOCKS = YES;
				GCC_OPTIMIZATION_LEVEL = 0;
				GCC_PREPROCESSOR_DEFINITIONS = (
					"DEBUG=1",
					"$(inherited)",
				);
				GCC_WARN_64_TO_32_BIT_CONVERSION = YES;
				GCC_WARN_ABOUT_RETURN_TYPE = YES_ERROR;
				GCC_WARN_UNDECLARED_SELECTOR = YES;
				GCC_WARN_UNINITIALIZED_AUTOS = YES_AGGRESSIVE;
				GCC_WARN_UNUSED_FUNCTION = YES;
				GCC_WARN_UNUSED_VARIABLE = YES;
				IPHONEOS_DEPLOYMENT_TARGET = 10.0;
				MTL_ENABLE_DEBUG_INFO = YES;
				ONLY_ACTIVE_ARCH = YES;
				SDKROOT = iphoneos;
				SWIFT_ACTIVE_COMPILATION_CONDITIONS = DEBUG;
				SWIFT_OPTIMIZATION_LEVEL = "-Onone";
				TARGETED_DEVICE_FAMILY = "1,2";
			};
			name = Debug;
		};
		C302CA501DAF76AB00928F29 /* Release */ = {
			isa = XCBuildConfiguration;
			buildSettings = {
				ALWAYS_SEARCH_USER_PATHS = NO;
				CLANG_ANALYZER_NONNULL = YES;
				CLANG_CXX_LANGUAGE_STANDARD = "gnu++0x";
				CLANG_CXX_LIBRARY = "libc++";
				CLANG_ENABLE_MODULES = YES;
				CLANG_ENABLE_OBJC_ARC = YES;
				CLANG_WARN_BOOL_CONVERSION = YES;
				CLANG_WARN_CONSTANT_CONVERSION = YES;
				CLANG_WARN_DIRECT_OBJC_ISA_USAGE = YES_ERROR;
				CLANG_WARN_DOCUMENTATION_COMMENTS = YES;
				CLANG_WARN_EMPTY_BODY = YES;
				CLANG_WARN_ENUM_CONVERSION = YES;
				CLANG_WARN_INFINITE_RECURSION = YES;
				CLANG_WARN_INT_CONVERSION = YES;
				CLANG_WARN_OBJC_ROOT_CLASS = YES_ERROR;
				CLANG_WARN_SUSPICIOUS_MOVES = YES;
				CLANG_WARN_UNREACHABLE_CODE = YES;
				CLANG_WARN__DUPLICATE_METHOD_MATCH = YES;
				"CODE_SIGN_IDENTITY[sdk=iphoneos*]" = "iPhone Developer";
				COPY_PHASE_STRIP = NO;
				DEBUG_INFORMATION_FORMAT = "dwarf-with-dsym";
				ENABLE_NS_ASSERTIONS = NO;
				ENABLE_STRICT_OBJC_MSGSEND = YES;
				GCC_C_LANGUAGE_STANDARD = gnu99;
				GCC_NO_COMMON_BLOCKS = YES;
				GCC_WARN_64_TO_32_BIT_CONVERSION = YES;
				GCC_WARN_ABOUT_RETURN_TYPE = YES_ERROR;
				GCC_WARN_UNDECLARED_SELECTOR = YES;
				GCC_WARN_UNINITIALIZED_AUTOS = YES_AGGRESSIVE;
				GCC_WARN_UNUSED_FUNCTION = YES;
				GCC_WARN_UNUSED_VARIABLE = YES;
				IPHONEOS_DEPLOYMENT_TARGET = 10.0;
				MTL_ENABLE_DEBUG_INFO = NO;
				SDKROOT = iphoneos;
				SWIFT_OPTIMIZATION_LEVEL = "-Owholemodule";
				TARGETED_DEVICE_FAMILY = "1,2";
				VALIDATE_PRODUCT = YES;
			};
			name = Release;
		};
		C302CA521DAF76AB00928F29 /* Debug */ = {
			isa = XCBuildConfiguration;
			buildSettings = {
				ASSETCATALOG_COMPILER_APPICON_NAME = AppIcon;
				DEVELOPMENT_TEAM = H4V332SS59;
				INFOPLIST_FILE = MotionExperiments/Info.plist;
				LD_RUNPATH_SEARCH_PATHS = "$(inherited) @executable_path/Frameworks";
				PRODUCT_BUNDLE_IDENTIFIER = com.gocy.MotionExperiments;
				PRODUCT_NAME = "$(TARGET_NAME)";
				SWIFT_VERSION = 3.0;
			};
			name = Debug;
		};
		C302CA531DAF76AB00928F29 /* Release */ = {
			isa = XCBuildConfiguration;
			buildSettings = {
				ASSETCATALOG_COMPILER_APPICON_NAME = AppIcon;
				DEVELOPMENT_TEAM = H4V332SS59;
				INFOPLIST_FILE = MotionExperiments/Info.plist;
				LD_RUNPATH_SEARCH_PATHS = "$(inherited) @executable_path/Frameworks";
				PRODUCT_BUNDLE_IDENTIFIER = com.gocy.MotionExperiments;
				PRODUCT_NAME = "$(TARGET_NAME)";
				SWIFT_VERSION = 3.0;
			};
			name = Release;
		};
/* End XCBuildConfiguration section */

/* Begin XCConfigurationList section */
		C302CA3A1DAF76AB00928F29 /* Build configuration list for PBXProject "MotionExperiments" */ = {
			isa = XCConfigurationList;
			buildConfigurations = (
				C302CA4F1DAF76AB00928F29 /* Debug */,
				C302CA501DAF76AB00928F29 /* Release */,
			);
			defaultConfigurationIsVisible = 0;
			defaultConfigurationName = Release;
		};
		C302CA511DAF76AB00928F29 /* Build configuration list for PBXNativeTarget "MotionExperiments" */ = {
			isa = XCConfigurationList;
			buildConfigurations = (
				C302CA521DAF76AB00928F29 /* Debug */,
				C302CA531DAF76AB00928F29 /* Release */,
			);
			defaultConfigurationIsVisible = 0;
			defaultConfigurationName = Release;
		};
/* End XCConfigurationList section */
	};
	rootObject = C302CA371DAF76AB00928F29 /* Project object */;
}
